// !$*UTF8*$!
{
	archiveVersion = 1;
	classes = {
	};
	objectVersion = 50;
	objects = {

/* Begin PBXBuildFile section */
		005A17CB24EC0CE0008B06FF /* AppDelegate.swift in Sources */ = {isa = PBXBuildFile; fileRef = 005A17CA24EC0CE0008B06FF /* AppDelegate.swift */; };
		005A17CD24EC0CE0008B06FF /* SceneDelegate.swift in Sources */ = {isa = PBXBuildFile; fileRef = 005A17CC24EC0CE0008B06FF /* SceneDelegate.swift */; };
		005A17CF24EC0CE0008B06FF /* ViewController.swift in Sources */ = {isa = PBXBuildFile; fileRef = 005A17CE24EC0CE0008B06FF /* ViewController.swift */; };
		005A17D224EC0CE0008B06FF /* Main.storyboard in Resources */ = {isa = PBXBuildFile; fileRef = 005A17D024EC0CE0008B06FF /* Main.storyboard */; };
		005A17D424EC0CE1008B06FF /* Assets.xcassets in Resources */ = {isa = PBXBuildFile; fileRef = 005A17D324EC0CE1008B06FF /* Assets.xcassets */; };
		005A17D724EC0CE1008B06FF /* LaunchScreen.storyboard in Resources */ = {isa = PBXBuildFile; fileRef = 005A17D524EC0CE1008B06FF /* LaunchScreen.storyboard */; };
		005A17E224EC0CE1008B06FF /* CatonomiconTests.swift in Sources */ = {isa = PBXBuildFile; fileRef = 005A17E124EC0CE1008B06FF /* CatonomiconTests.swift */; };
		005A17ED24EC0CE1008B06FF /* CatonomiconUITests.swift in Sources */ = {isa = PBXBuildFile; fileRef = 005A17EC24EC0CE1008B06FF /* CatonomiconUITests.swift */; };
/* End PBXBuildFile section */

/* Begin PBXContainerItemProxy section */
		005A17DE24EC0CE1008B06FF /* PBXContainerItemProxy */ = {
			isa = PBXContainerItemProxy;
			containerPortal = 005A17BF24EC0CE0008B06FF /* Project object */;
			proxyType = 1;
			remoteGlobalIDString = 005A17C624EC0CE0008B06FF;
			remoteInfo = Catonomicon;
		};
		005A17E924EC0CE1008B06FF /* PBXContainerItemProxy */ = {
			isa = PBXContainerItemProxy;
			containerPortal = 005A17BF24EC0CE0008B06FF /* Project object */;
			proxyType = 1;
			remoteGlobalIDString = 005A17C624EC0CE0008B06FF;
			remoteInfo = Catonomicon;
		};
/* End PBXContainerItemProxy section */

/* Begin PBXFileReference section */
		005A17C724EC0CE0008B06FF /* Catonomicon.app */ = {isa = PBXFileReference; explicitFileType = wrapper.application; includeInIndex = 0; path = Catonomicon.app; sourceTree = BUILT_PRODUCTS_DIR; };
		005A17CA24EC0CE0008B06FF /* AppDelegate.swift */ = {isa = PBXFileReference; lastKnownFileType = sourcecode.swift; path = AppDelegate.swift; sourceTree = "<group>"; };
		005A17CC24EC0CE0008B06FF /* SceneDelegate.swift */ = {isa = PBXFileReference; lastKnownFileType = sourcecode.swift; path = SceneDelegate.swift; sourceTree = "<group>"; };
		005A17CE24EC0CE0008B06FF /* ViewController.swift */ = {isa = PBXFileReference; lastKnownFileType = sourcecode.swift; path = ViewController.swift; sourceTree = "<group>"; };
		005A17D124EC0CE0008B06FF /* Base */ = {isa = PBXFileReference; lastKnownFileType = file.storyboard; name = Base; path = Base.lproj/Main.storyboard; sourceTree = "<group>"; };
		005A17D324EC0CE1008B06FF /* Assets.xcassets */ = {isa = PBXFileReference; lastKnownFileType = folder.assetcatalog; path = Assets.xcassets; sourceTree = "<group>"; };
		005A17D624EC0CE1008B06FF /* Base */ = {isa = PBXFileReference; lastKnownFileType = file.storyboard; name = Base; path = Base.lproj/LaunchScreen.storyboard; sourceTree = "<group>"; };
		005A17D824EC0CE1008B06FF /* Info.plist */ = {isa = PBXFileReference; lastKnownFileType = text.plist.xml; path = Info.plist; sourceTree = "<group>"; };
		005A17DD24EC0CE1008B06FF /* CatonomiconTests.xctest */ = {isa = PBXFileReference; explicitFileType = wrapper.cfbundle; includeInIndex = 0; path = CatonomiconTests.xctest; sourceTree = BUILT_PRODUCTS_DIR; };
		005A17E124EC0CE1008B06FF /* CatonomiconTests.swift */ = {isa = PBXFileReference; lastKnownFileType = sourcecode.swift; path = CatonomiconTests.swift; sourceTree = "<group>"; };
		005A17E324EC0CE1008B06FF /* Info.plist */ = {isa = PBXFileReference; lastKnownFileType = text.plist.xml; path = Info.plist; sourceTree = "<group>"; };
		005A17E824EC0CE1008B06FF /* CatonomiconUITests.xctest */ = {isa = PBXFileReference; explicitFileType = wrapper.cfbundle; includeInIndex = 0; path = CatonomiconUITests.xctest; sourceTree = BUILT_PRODUCTS_DIR; };
		005A17EC24EC0CE1008B06FF /* CatonomiconUITests.swift */ = {isa = PBXFileReference; lastKnownFileType = sourcecode.swift; path = CatonomiconUITests.swift; sourceTree = "<group>"; };
		005A17EE24EC0CE1008B06FF /* Info.plist */ = {isa = PBXFileReference; lastKnownFileType = text.plist.xml; path = Info.plist; sourceTree = "<group>"; };
/* End PBXFileReference section */

/* Begin PBXFrameworksBuildPhase section */
		005A17C424EC0CE0008B06FF /* Frameworks */ = {
			isa = PBXFrameworksBuildPhase;
			buildActionMask = 2147483647;
			files = (
			);
			runOnlyForDeploymentPostprocessing = 0;
		};
		005A17DA24EC0CE1008B06FF /* Frameworks */ = {
			isa = PBXFrameworksBuildPhase;
			buildActionMask = 2147483647;
			files = (
			);
			runOnlyForDeploymentPostprocessing = 0;
		};
		005A17E524EC0CE1008B06FF /* Frameworks */ = {
			isa = PBXFrameworksBuildPhase;
			buildActionMask = 2147483647;
			files = (
			);
			runOnlyForDeploymentPostprocessing = 0;
		};
/* End PBXFrameworksBuildPhase section */

/* Begin PBXGroup section */
		005A17BE24EC0CE0008B06FF = {
			isa = PBXGroup;
			children = (
				005A17C924EC0CE0008B06FF /* Catonomicon */,
				005A17E024EC0CE1008B06FF /* CatonomiconTests */,
				005A17EB24EC0CE1008B06FF /* CatonomiconUITests */,
				005A17C824EC0CE0008B06FF /* Products */,
			);
			sourceTree = "<group>";
		};
		005A17C824EC0CE0008B06FF /* Products */ = {
			isa = PBXGroup;
			children = (
				005A17C724EC0CE0008B06FF /* Catonomicon.app */,
				005A17DD24EC0CE1008B06FF /* CatonomiconTests.xctest */,
				005A17E824EC0CE1008B06FF /* CatonomiconUITests.xctest */,
			);
			name = Products;
			sourceTree = "<group>";
		};
		005A17C924EC0CE0008B06FF /* Catonomicon */ = {
			isa = PBXGroup;
			children = (
				005A17CA24EC0CE0008B06FF /* AppDelegate.swift */,
				005A17CC24EC0CE0008B06FF /* SceneDelegate.swift */,
				005A17CE24EC0CE0008B06FF /* ViewController.swift */,
				005A17D024EC0CE0008B06FF /* Main.storyboard */,
				005A17D324EC0CE1008B06FF /* Assets.xcassets */,
				005A17D524EC0CE1008B06FF /* LaunchScreen.storyboard */,
				005A17D824EC0CE1008B06FF /* Info.plist */,
			);
			path = Catonomicon;
			sourceTree = "<group>";
		};
		005A17E024EC0CE1008B06FF /* CatonomiconTests */ = {
			isa = PBXGroup;
			children = (
				005A17E124EC0CE1008B06FF /* CatonomiconTests.swift */,
				005A17E324EC0CE1008B06FF /* Info.plist */,
			);
			path = CatonomiconTests;
			sourceTree = "<group>";
		};
		005A17EB24EC0CE1008B06FF /* CatonomiconUITests */ = {
			isa = PBXGroup;
			children = (
				005A17EC24EC0CE1008B06FF /* CatonomiconUITests.swift */,
				005A17EE24EC0CE1008B06FF /* Info.plist */,
			);
			path = CatonomiconUITests;
			sourceTree = "<group>";
		};
/* End PBXGroup section */

/* Begin PBXNativeTarget section */
		005A17C624EC0CE0008B06FF /* Catonomicon */ = {
			isa = PBXNativeTarget;
			buildConfigurationList = 005A17F124EC0CE1008B06FF /* Build configuration list for PBXNativeTarget "Catonomicon" */;
			buildPhases = (
				005A17C324EC0CE0008B06FF /* Sources */,
				005A17C424EC0CE0008B06FF /* Frameworks */,
				005A17C524EC0CE0008B06FF /* Resources */,
			);
			buildRules = (
			);
			dependencies = (
			);
			name = Catonomicon;
			productName = Catonomicon;
			productReference = 005A17C724EC0CE0008B06FF /* Catonomicon.app */;
			productType = "com.apple.product-type.application";
		};
		005A17DC24EC0CE1008B06FF /* CatonomiconTests */ = {
			isa = PBXNativeTarget;
			buildConfigurationList = 005A17F424EC0CE1008B06FF /* Build configuration list for PBXNativeTarget "CatonomiconTests" */;
			buildPhases = (
				005A17D924EC0CE1008B06FF /* Sources */,
				005A17DA24EC0CE1008B06FF /* Frameworks */,
				005A17DB24EC0CE1008B06FF /* Resources */,
			);
			buildRules = (
			);
			dependencies = (
				005A17DF24EC0CE1008B06FF /* PBXTargetDependency */,
			);
			name = CatonomiconTests;
			productName = CatonomiconTests;
			productReference = 005A17DD24EC0CE1008B06FF /* CatonomiconTests.xctest */;
			productType = "com.apple.product-type.bundle.unit-test";
		};
		005A17E724EC0CE1008B06FF /* CatonomiconUITests */ = {
			isa = PBXNativeTarget;
			buildConfigurationList = 005A17F724EC0CE1008B06FF /* Build configuration list for PBXNativeTarget "CatonomiconUITests" */;
			buildPhases = (
				005A17E424EC0CE1008B06FF /* Sources */,
				005A17E524EC0CE1008B06FF /* Frameworks */,
				005A17E624EC0CE1008B06FF /* Resources */,
			);
			buildRules = (
			);
			dependencies = (
				005A17EA24EC0CE1008B06FF /* PBXTargetDependency */,
			);
			name = CatonomiconUITests;
			productName = CatonomiconUITests;
			productReference = 005A17E824EC0CE1008B06FF /* CatonomiconUITests.xctest */;
			productType = "com.apple.product-type.bundle.ui-testing";
		};
/* End PBXNativeTarget section */

/* Begin PBXProject section */
		005A17BF24EC0CE0008B06FF /* Project object */ = {
			isa = PBXProject;
			attributes = {
				LastSwiftUpdateCheck = 1160;
				LastUpgradeCheck = 1160;
				ORGANIZATIONNAME = "Gustavo Lemos";
				TargetAttributes = {
					005A17C624EC0CE0008B06FF = {
						CreatedOnToolsVersion = 11.6;
					};
					005A17DC24EC0CE1008B06FF = {
						CreatedOnToolsVersion = 11.6;
						TestTargetID = 005A17C624EC0CE0008B06FF;
					};
					005A17E724EC0CE1008B06FF = {
						CreatedOnToolsVersion = 11.6;
						TestTargetID = 005A17C624EC0CE0008B06FF;
					};
				};
			};
			buildConfigurationList = 005A17C224EC0CE0008B06FF /* Build configuration list for PBXProject "Catonomicon" */;
			compatibilityVersion = "Xcode 9.3";
			developmentRegion = en;
			hasScannedForEncodings = 0;
			knownRegions = (
				en,
				Base,
			);
			mainGroup = 005A17BE24EC0CE0008B06FF;
			productRefGroup = 005A17C824EC0CE0008B06FF /* Products */;
			projectDirPath = "";
			projectRoot = "";
			targets = (
				005A17C624EC0CE0008B06FF /* Catonomicon */,
				005A17DC24EC0CE1008B06FF /* CatonomiconTests */,
				005A17E724EC0CE1008B06FF /* CatonomiconUITests */,
			);
		};
/* End PBXProject section */

/* Begin PBXResourcesBuildPhase section */
		005A17C524EC0CE0008B06FF /* Resources */ = {
			isa = PBXResourcesBuildPhase;
			buildActionMask = 2147483647;
			files = (
				005A17D724EC0CE1008B06FF /* LaunchScreen.storyboard in Resources */,
				005A17D424EC0CE1008B06FF /* Assets.xcassets in Resources */,
				005A17D224EC0CE0008B06FF /* Main.storyboard in Resources */,
			);
			runOnlyForDeploymentPostprocessing = 0;
		};
		005A17DB24EC0CE1008B06FF /* Resources */ = {
			isa = PBXResourcesBuildPhase;
			buildActionMask = 2147483647;
			files = (
			);
			runOnlyForDeploymentPostprocessing = 0;
		};
		005A17E624EC0CE1008B06FF /* Resources */ = {
			isa = PBXResourcesBuildPhase;
			buildActionMask = 2147483647;
			files = (
			);
			runOnlyForDeploymentPostprocessing = 0;
		};
/* End PBXResourcesBuildPhase section */

/* Begin PBXSourcesBuildPhase section */
		005A17C324EC0CE0008B06FF /* Sources */ = {
			isa = PBXSourcesBuildPhase;
			buildActionMask = 2147483647;
			files = (
				005A17CF24EC0CE0008B06FF /* ViewController.swift in Sources */,
				005A17CB24EC0CE0008B06FF /* AppDelegate.swift in Sources */,
				005A17CD24EC0CE0008B06FF /* SceneDelegate.swift in Sources */,
			);
			runOnlyForDeploymentPostprocessing = 0;
		};
		005A17D924EC0CE1008B06FF /* Sources */ = {
			isa = PBXSourcesBuildPhase;
			buildActionMask = 2147483647;
			files = (
				005A17E224EC0CE1008B06FF /* CatonomiconTests.swift in Sources */,
			);
			runOnlyForDeploymentPostprocessing = 0;
		};
		005A17E424EC0CE1008B06FF /* Sources */ = {
			isa = PBXSourcesBuildPhase;
			buildActionMask = 2147483647;
			files = (
				005A17ED24EC0CE1008B06FF /* CatonomiconUITests.swift in Sources */,
			);
			runOnlyForDeploymentPostprocessing = 0;
		};
/* End PBXSourcesBuildPhase section */

/* Begin PBXTargetDependency section */
		005A17DF24EC0CE1008B06FF /* PBXTargetDependency */ = {
			isa = PBXTargetDependency;
			target = 005A17C624EC0CE0008B06FF /* Catonomicon */;
			targetProxy = 005A17DE24EC0CE1008B06FF /* PBXContainerItemProxy */;
		};
		005A17EA24EC0CE1008B06FF /* PBXTargetDependency */ = {
			isa = PBXTargetDependency;
			target = 005A17C624EC0CE0008B06FF /* Catonomicon */;
			targetProxy = 005A17E924EC0CE1008B06FF /* PBXContainerItemProxy */;
		};
/* End PBXTargetDependency section */

/* Begin PBXVariantGroup section */
		005A17D024EC0CE0008B06FF /* Main.storyboard */ = {
			isa = PBXVariantGroup;
			children = (
				005A17D124EC0CE0008B06FF /* Base */,
			);
			name = Main.storyboard;
			sourceTree = "<group>";
		};
		005A17D524EC0CE1008B06FF /* LaunchScreen.storyboard */ = {
			isa = PBXVariantGroup;
			children = (
				005A17D624EC0CE1008B06FF /* Base */,
			);
			name = LaunchScreen.storyboard;
			sourceTree = "<group>";
		};
/* End PBXVariantGroup section */

/* Begin XCBuildConfiguration section */
		005A17EF24EC0CE1008B06FF /* Debug */ = {
			isa = XCBuildConfiguration;
			buildSettings = {
				ALWAYS_SEARCH_USER_PATHS = NO;
				CLANG_ANALYZER_NONNULL = YES;
				CLANG_ANALYZER_NUMBER_OBJECT_CONVERSION = YES_AGGRESSIVE;
				CLANG_CXX_LANGUAGE_STANDARD = "gnu++14";
				CLANG_CXX_LIBRARY = "libc++";
				CLANG_ENABLE_MODULES = YES;
				CLANG_ENABLE_OBJC_ARC = YES;
				CLANG_ENABLE_OBJC_WEAK = YES;
				CLANG_WARN_BLOCK_CAPTURE_AUTORELEASING = YES;
				CLANG_WARN_BOOL_CONVERSION = YES;
				CLANG_WARN_COMMA = YES;
				CLANG_WARN_CONSTANT_CONVERSION = YES;
				CLANG_WARN_DEPRECATED_OBJC_IMPLEMENTATIONS = YES;
				CLANG_WARN_DIRECT_OBJC_ISA_USAGE = YES_ERROR;
				CLANG_WARN_DOCUMENTATION_COMMENTS = YES;
				CLANG_WARN_EMPTY_BODY = YES;
				CLANG_WARN_ENUM_CONVERSION = YES;
				CLANG_WARN_INFINITE_RECURSION = YES;
				CLANG_WARN_INT_CONVERSION = YES;
				CLANG_WARN_NON_LITERAL_NULL_CONVERSION = YES;
				CLANG_WARN_OBJC_IMPLICIT_RETAIN_SELF = YES;
				CLANG_WARN_OBJC_LITERAL_CONVERSION = YES;
				CLANG_WARN_OBJC_ROOT_CLASS = YES_ERROR;
				CLANG_WARN_RANGE_LOOP_ANALYSIS = YES;
				CLANG_WARN_STRICT_PROTOTYPES = YES;
				CLANG_WARN_SUSPICIOUS_MOVE = YES;
				CLANG_WARN_UNGUARDED_AVAILABILITY = YES_AGGRESSIVE;
				CLANG_WARN_UNREACHABLE_CODE = YES;
				CLANG_WARN__DUPLICATE_METHOD_MATCH = YES;
				COPY_PHASE_STRIP = NO;
				DEBUG_INFORMATION_FORMAT = dwarf;
				ENABLE_STRICT_OBJC_MSGSEND = YES;
				ENABLE_TESTABILITY = YES;
				GCC_C_LANGUAGE_STANDARD = gnu11;
				GCC_DYNAMIC_NO_PIC = NO;
				GCC_NO_COMMON_BLOCKS = YES;
				GCC_OPTIMIZATION_LEVEL = 0;
				GCC_PREPROCESSOR_DEFINITIONS = (
					"DEBUG=1",
					"$(inherited)",
				);
				GCC_WARN_64_TO_32_BIT_CONVERSION = YES;
				GCC_WARN_ABOUT_RETURN_TYPE = YES_ERROR;
				GCC_WARN_UNDECLARED_SELECTOR = YES;
				GCC_WARN_UNINITIALIZED_AUTOS = YES_AGGRESSIVE;
				GCC_WARN_UNUSED_FUNCTION = YES;
				GCC_WARN_UNUSED_VARIABLE = YES;
				IPHONEOS_DEPLOYMENT_TARGET = 13.6;
				MTL_ENABLE_DEBUG_INFO = INCLUDE_SOURCE;
				MTL_FAST_MATH = YES;
				ONLY_ACTIVE_ARCH = YES;
				SDKROOT = iphoneos;
				SWIFT_ACTIVE_COMPILATION_CONDITIONS = DEBUG;
				SWIFT_OPTIMIZATION_LEVEL = "-Onone";
			};
			name = Debug;
		};
		005A17F024EC0CE1008B06FF /* Release */ = {
			isa = XCBuildConfiguration;
			buildSettings = {
				ALWAYS_SEARCH_USER_PATHS = NO;
				CLANG_ANALYZER_NONNULL = YES;
				CLANG_ANALYZER_NUMBER_OBJECT_CONVERSION = YES_AGGRESSIVE;
				CLANG_CXX_LANGUAGE_STANDARD = "gnu++14";
				CLANG_CXX_LIBRARY = "libc++";
				CLANG_ENABLE_MODULES = YES;
				CLANG_ENABLE_OBJC_ARC = YES;
				CLANG_ENABLE_OBJC_WEAK = YES;
				CLANG_WARN_BLOCK_CAPTURE_AUTORELEASING = YES;
				CLANG_WARN_BOOL_CONVERSION = YES;
				CLANG_WARN_COMMA = YES;
				CLANG_WARN_CONSTANT_CONVERSION = YES;
				CLANG_WARN_DEPRECATED_OBJC_IMPLEMENTATIONS = YES;
				CLANG_WARN_DIRECT_OBJC_ISA_USAGE = YES_ERROR;
				CLANG_WARN_DOCUMENTATION_COMMENTS = YES;
				CLANG_WARN_EMPTY_BODY = YES;
				CLANG_WARN_ENUM_CONVERSION = YES;
				CLANG_WARN_INFINITE_RECURSION = YES;
				CLANG_WARN_INT_CONVERSION = YES;
				CLANG_WARN_NON_LITERAL_NULL_CONVERSION = YES;
				CLANG_WARN_OBJC_IMPLICIT_RETAIN_SELF = YES;
				CLANG_WARN_OBJC_LITERAL_CONVERSION = YES;
				CLANG_WARN_OBJC_ROOT_CLASS = YES_ERROR;
				CLANG_WARN_RANGE_LOOP_ANALYSIS = YES;
				CLANG_WARN_STRICT_PROTOTYPES = YES;
				CLANG_WARN_SUSPICIOUS_MOVE = YES;
				CLANG_WARN_UNGUARDED_AVAILABILITY = YES_AGGRESSIVE;
				CLANG_WARN_UNREACHABLE_CODE = YES;
				CLANG_WARN__DUPLICATE_METHOD_MATCH = YES;
				COPY_PHASE_STRIP = NO;
				DEBUG_INFORMATION_FORMAT = "dwarf-with-dsym";
				ENABLE_NS_ASSERTIONS = NO;
				ENABLE_STRICT_OBJC_MSGSEND = YES;
				GCC_C_LANGUAGE_STANDARD = gnu11;
				GCC_NO_COMMON_BLOCKS = YES;
				GCC_WARN_64_TO_32_BIT_CONVERSION = YES;
				GCC_WARN_ABOUT_RETURN_TYPE = YES_ERROR;
				GCC_WARN_UNDECLARED_SELECTOR = YES;
				GCC_WARN_UNINITIALIZED_AUTOS = YES_AGGRESSIVE;
				GCC_WARN_UNUSED_FUNCTION = YES;
				GCC_WARN_UNUSED_VARIABLE = YES;
				IPHONEOS_DEPLOYMENT_TARGET = 13.6;
				MTL_ENABLE_DEBUG_INFO = NO;
				MTL_FAST_MATH = YES;
				SDKROOT = iphoneos;
				SWIFT_COMPILATION_MODE = wholemodule;
				SWIFT_OPTIMIZATION_LEVEL = "-O";
				VALIDATE_PRODUCT = YES;
			};
			name = Release;
		};
		005A17F224EC0CE1008B06FF /* Debug */ = {
			isa = XCBuildConfiguration;
			buildSettings = {
				ASSETCATALOG_COMPILER_APPICON_NAME = AppIcon;
				CODE_SIGN_STYLE = Automatic;
				DEVELOPMENT_TEAM = NL35JB8G2K;
				INFOPLIST_FILE = Catonomicon/Info.plist;
				LD_RUNPATH_SEARCH_PATHS = (
					"$(inherited)",
					"@executable_path/Frameworks",
				);
				PRODUCT_BUNDLE_IDENTIFIER = chapolemos.Catonomicon;
				PRODUCT_NAME = "$(TARGET_NAME)";
				SWIFT_VERSION = 5.0;
				TARGETED_DEVICE_FAMILY = "1,2";
			};
			name = Debug;
		};
		005A17F324EC0CE1008B06FF /* Release */ = {
			isa = XCBuildConfiguration;
			buildSettings = {
				ASSETCATALOG_COMPILER_APPICON_NAME = AppIcon;
				CODE_SIGN_STYLE = Automatic;
				DEVELOPMENT_TEAM = NL35JB8G2K;
				INFOPLIST_FILE = Catonomicon/Info.plist;
				LD_RUNPATH_SEARCH_PATHS = (
					"$(inherited)",
					"@executable_path/Frameworks",
				);
				PRODUCT_BUNDLE_IDENTIFIER = chapolemos.Catonomicon;
				PRODUCT_NAME = "$(TARGET_NAME)";
				SWIFT_VERSION = 5.0;
				TARGETED_DEVICE_FAMILY = "1,2";
			};
			name = Release;
		};
		005A17F524EC0CE1008B06FF /* Debug */ = {
			isa = XCBuildConfiguration;
			buildSettings = {
				ALWAYS_EMBED_SWIFT_STANDARD_LIBRARIES = YES;
				BUNDLE_LOADER = "$(TEST_HOST)";
				CODE_SIGN_STYLE = Automatic;
				DEVELOPMENT_TEAM = NL35JB8G2K;
				INFOPLIST_FILE = CatonomiconTests/Info.plist;
				IPHONEOS_DEPLOYMENT_TARGET = 13.6;
				LD_RUNPATH_SEARCH_PATHS = (
					"$(inherited)",
					"@executable_path/Frameworks",
					"@loader_path/Frameworks",
				);
				PRODUCT_BUNDLE_IDENTIFIER = chapolemos.CatonomiconTests;
				PRODUCT_NAME = "$(TARGET_NAME)";
				SWIFT_VERSION = 5.0;
				TARGETED_DEVICE_FAMILY = "1,2";
				TEST_HOST = "$(BUILT_PRODUCTS_DIR)/Catonomicon.app/Catonomicon";
			};
			name = Debug;
		};
		005A17F624EC0CE1008B06FF /* Release */ = {
			isa = XCBuildConfiguration;
			buildSettings = {
				ALWAYS_EMBED_SWIFT_STANDARD_LIBRARIES = YES;
				BUNDLE_LOADER = "$(TEST_HOST)";
				CODE_SIGN_STYLE = Automatic;
				DEVELOPMENT_TEAM = NL35JB8G2K;
				INFOPLIST_FILE = CatonomiconTests/Info.plist;
				IPHONEOS_DEPLOYMENT_TARGET = 13.6;
				LD_RUNPATH_SEARCH_PATHS = (
					"$(inherited)",
					"@executable_path/Frameworks",
					"@loader_path/Frameworks",
				);
				PRODUCT_BUNDLE_IDENTIFIER = chapolemos.CatonomiconTests;
				PRODUCT_NAME = "$(TARGET_NAME)";
				SWIFT_VERSION = 5.0;
				TARGETED_DEVICE_FAMILY = "1,2";
				TEST_HOST = "$(BUILT_PRODUCTS_DIR)/Catonomicon.app/Catonomicon";
			};
			name = Release;
		};
		005A17F824EC0CE1008B06FF /* Debug */ = {
			isa = XCBuildConfiguration;
			buildSettings = {
				ALWAYS_EMBED_SWIFT_STANDARD_LIBRARIES = YES;
				CODE_SIGN_STYLE = Automatic;
				DEVELOPMENT_TEAM = NL35JB8G2K;
				INFOPLIST_FILE = CatonomiconUITests/Info.plist;
				LD_RUNPATH_SEARCH_PATHS = (
					"$(inherited)",
					"@executable_path/Frameworks",
					"@loader_path/Frameworks",
				);
				PRODUCT_BUNDLE_IDENTIFIER = chapolemos.CatonomiconUITests;
				PRODUCT_NAME = "$(TARGET_NAME)";
				SWIFT_VERSION = 5.0;
				TARGETED_DEVICE_FAMILY = "1,2";
				TEST_TARGET_NAME = Catonomicon;
			};
			name = Debug;
		};
		005A17F924EC0CE1008B06FF /* Release */ = {
			isa = XCBuildConfiguration;
			buildSettings = {
				ALWAYS_EMBED_SWIFT_STANDARD_LIBRARIES = YES;
				CODE_SIGN_STYLE = Automatic;
				DEVELOPMENT_TEAM = NL35JB8G2K;
				INFOPLIST_FILE = CatonomiconUITests/Info.plist;
				LD_RUNPATH_SEARCH_PATHS = (
					"$(inherited)",
					"@executable_path/Frameworks",
					"@loader_path/Frameworks",
				);
				PRODUCT_BUNDLE_IDENTIFIER = chapolemos.CatonomiconUITests;
				PRODUCT_NAME = "$(TARGET_NAME)";
				SWIFT_VERSION = 5.0;
				TARGETED_DEVICE_FAMILY = "1,2";
				TEST_TARGET_NAME = Catonomicon;
			};
			name = Release;
		};
/* End XCBuildConfiguration section */

/* Begin XCConfigurationList section */
		005A17C224EC0CE0008B06FF /* Build configuration list for PBXProject "Catonomicon" */ = {
			isa = XCConfigurationList;
			buildConfigurations = (
				005A17EF24EC0CE1008B06FF /* Debug */,
				005A17F024EC0CE1008B06FF /* Release */,
			);
			defaultConfigurationIsVisible = 0;
			defaultConfigurationName = Release;
		};
		005A17F124EC0CE1008B06FF /* Build configuration list for PBXNativeTarget "Catonomicon" */ = {
			isa = XCConfigurationList;
			buildConfigurations = (
				005A17F224EC0CE1008B06FF /* Debug */,
				005A17F324EC0CE1008B06FF /* Release */,
			);
			defaultConfigurationIsVisible = 0;
			defaultConfigurationName = Release;
		};
		005A17F424EC0CE1008B06FF /* Build configuration list for PBXNativeTarget "CatonomiconTests" */ = {
			isa = XCConfigurationList;
			buildConfigurations = (
				005A17F524EC0CE1008B06FF /* Debug */,
				005A17F624EC0CE1008B06FF /* Release */,
			);
			defaultConfigurationIsVisible = 0;
			defaultConfigurationName = Release;
		};
		005A17F724EC0CE1008B06FF /* Build configuration list for PBXNativeTarget "CatonomiconUITests" */ = {
			isa = XCConfigurationList;
			buildConfigurations = (
				005A17F824EC0CE1008B06FF /* Debug */,
				005A17F924EC0CE1008B06FF /* Release */,
			);
			defaultConfigurationIsVisible = 0;
			defaultConfigurationName = Release;
		};
/* End XCConfigurationList section */
	};
	rootObject = 005A17BF24EC0CE0008B06FF /* Project object */;
}
